
Microsoft Visual Studio Solution File, Format Version 12.00
# Visual Studio 15
VisualStudioVersion = 15.0.28307.1705
MinimumVisualStudioVersion = 10.0.40219.1
Project("{FAE04EC0-301F-11D3-BF4B-00C04F79EFBC}") = "ResourceAZ", "ResourceAZ\ResourceAZ.csproj", "{F4AC6D41-2851-49DC-B5DA-BF983FB1E1F1}"
EndProject
Project("{FAE04EC0-301F-11D3-BF4B-00C04F79EFBC}") = "RegProgramm", "RegProgramm\RegProgramm.csproj", "{38DEBF48-CACC-4702-A2D5-4519968CF22A}"
EndProject
Global
	GlobalSection(SolutionConfigurationPlatforms) = preSolution
		Debug|Any CPU = Debug|Any CPU
		Release|Any CPU = Release|Any CPU
	EndGlobalSection
	GlobalSection(ProjectConfigurationPlatforms) = postSolution
		{F4AC6D41-2851-49DC-B5DA-BF983FB1E1F1}.Debug|Any CPU.ActiveCfg = Debug|Any CPU
		{F4AC6D41-2851-49DC-B5DA-BF983FB1E1F1}.Debug|Any CPU.Build.0 = Debug|Any CPU
		{F4AC6D41-2851-49DC-B5DA-BF983FB1E1F1}.Release|Any CPU.ActiveCfg = Release|Any CPU
		{F4AC6D41-2851-49DC-B5DA-BF983FB1E1F1}.Release|Any CPU.Build.0 = Release|Any CPU
		{38DEBF48-CACC-4702-A2D5-4519968CF22A}.Debug|Any CPU.ActiveCfg = Debug|Any CPU
		{38DEBF48-CACC-4702-A2D5-4519968CF22A}.Debug|Any CPU.Build.0 = Debug|Any CPU
		{38DEBF48-CACC-4702-A2D5-4519968CF22A}.Release|Any CPU.ActiveCfg = Release|Any CPU
		{38DEBF48-CACC-4702-A2D5-4519968CF22A}.Release|Any CPU.Build.0 = Release|Any CPU
	EndGlobalSection
	GlobalSection(SolutionProperties) = preSolution
		HideSolutionNode = FALSE
	EndGlobalSection
	GlobalSection(ExtensibilityGlobals) = postSolution
		SolutionGuid = {F22141F3-A0C8-4BB6-8E49-05844BD7A29F}
	EndGlobalSection
EndGlobal
